
Microsoft Visual Studio Solution File, Format Version 12.00
# Visual Studio Version 16
VisualStudioVersion = 16.0.29230.47
MinimumVisualStudioVersion = 10.0.40219.1
Project("{FAE04EC0-301F-11D3-BF4B-00C04F79EFBC}") = "Forknight", "Forknight\Forknight.csproj", "{685C8979-9552-484E-AA95-21C81862A230}"
EndProject
Global
	GlobalSection(SolutionConfigurationPlatforms) = preSolution
		Debug|Any CPU = Debug|Any CPU
		Release|Any CPU = Release|Any CPU
	EndGlobalSection
	GlobalSection(ProjectConfigurationPlatforms) = postSolution
		{685C8979-9552-484E-AA95-21C81862A230}.Debug|Any CPU.ActiveCfg = Debug|Any CPU
		{685C8979-9552-484E-AA95-21C81862A230}.Debug|Any CPU.Build.0 = Debug|Any CPU
		{685C8979-9552-484E-AA95-21C81862A230}.Release|Any CPU.ActiveCfg = Release|Any CPU
		{685C8979-9552-484E-AA95-21C81862A230}.Release|Any CPU.Build.0 = Release|Any CPU
	EndGlobalSection
	GlobalSection(SolutionProperties) = preSolution
		HideSolutionNode = FALSE
	EndGlobalSection
	GlobalSection(ExtensibilityGlobals) = postSolution
		SolutionGuid = {60225800-7CF9-4749-861E-271F5B53ED14}
	EndGlobalSection
EndGlobal
